
Microsoft Visual Studio Solution File, Format Version 12.00
# Visual Studio 2012
Project("{FAE04EC0-301F-11D3-BF4B-00C04F79EFBC}") = "NFS2Tools", "NFS2Tools\NFS2Tools.csproj", "{B8B5BBDC-9CAC-42FC-A73B-2BCA5E3B64B4}"
EndProject
Global
	GlobalSection(SolutionConfigurationPlatforms) = preSolution
		Debug|x86 = Debug|x86
		Release|x86 = Release|x86
	EndGlobalSection
	GlobalSection(ProjectConfigurationPlatforms) = postSolution
		{B8B5BBDC-9CAC-42FC-A73B-2BCA5E3B64B4}.Debug|x86.ActiveCfg = Debug|x86
		{B8B5BBDC-9CAC-42FC-A73B-2BCA5E3B64B4}.Debug|x86.Build.0 = Debug|x86
		{B8B5BBDC-9CAC-42FC-A73B-2BCA5E3B64B4}.Release|x86.ActiveCfg = Release|x86
		{B8B5BBDC-9CAC-42FC-A73B-2BCA5E3B64B4}.Release|x86.Build.0 = Release|x86
	EndGlobalSection
EndGlobal
